// !$*UTF8*$!
{
	archiveVersion = 1;
	classes = {
	};
	objectVersion = 46;
	objects = {

/* Begin PBXBuildFile section */
		742574441C385B3600B04158 /* AppDelegate.swift in Sources */ = {isa = PBXBuildFile; fileRef = 742574431C385B3600B04158 /* AppDelegate.swift */; };
		742574461C385B3600B04158 /* ViewController.swift in Sources */ = {isa = PBXBuildFile; fileRef = 742574451C385B3600B04158 /* ViewController.swift */; };
		742574491C385B3600B04158 /* Main.storyboard in Resources */ = {isa = PBXBuildFile; fileRef = 742574471C385B3600B04158 /* Main.storyboard */; };
		7425744B1C385B3600B04158 /* Assets.xcassets in Resources */ = {isa = PBXBuildFile; fileRef = 7425744A1C385B3600B04158 /* Assets.xcassets */; };
		7425744E1C385B3600B04158 /* LaunchScreen.storyboard in Resources */ = {isa = PBXBuildFile; fileRef = 7425744C1C385B3600B04158 /* LaunchScreen.storyboard */; };
/* End PBXBuildFile section */

/* Begin PBXFileReference section */
		742574401C385B3600B04158 /* Github-Test.app */ = {isa = PBXFileReference; explicitFileType = wrapper.application; includeInIndex = 0; path = "Github-Test.app"; sourceTree = BUILT_PRODUCTS_DIR; };
		742574431C385B3600B04158 /* AppDelegate.swift */ = {isa = PBXFileReference; lastKnownFileType = sourcecode.swift; path = AppDelegate.swift; sourceTree = "<group>"; };
		742574451C385B3600B04158 /* ViewController.swift */ = {isa = PBXFileReference; lastKnownFileType = sourcecode.swift; path = ViewController.swift; sourceTree = "<group>"; };
		742574481C385B3600B04158 /* Base */ = {isa = PBXFileReference; lastKnownFileType = file.storyboard; name = Base; path = Base.lproj/Main.storyboard; sourceTree = "<group>"; };
		7425744A1C385B3600B04158 /* Assets.xcassets */ = {isa = PBXFileReference; lastKnownFileType = folder.assetcatalog; path = Assets.xcassets; sourceTree = "<group>"; };
		7425744D1C385B3600B04158 /* Base */ = {isa = PBXFileReference; lastKnownFileType = file.storyboard; name = Base; path = Base.lproj/LaunchScreen.storyboard; sourceTree = "<group>"; };
		7425744F1C385B3600B04158 /* Info.plist */ = {isa = PBXFileReference; lastKnownFileType = text.plist.xml; path = Info.plist; sourceTree = "<group>"; };
/* End PBXFileReference section */

/* Begin PBXFrameworksBuildPhase section */
		7425743D1C385B3600B04158 /* Frameworks */ = {
			isa = PBXFrameworksBuildPhase;
			buildActionMask = 2147483647;
			files = (
			);
			runOnlyForDeploymentPostprocessing = 0;
		};
/* End PBXFrameworksBuildPhase section */

/* Begin PBXGroup section */
		742574371C385B3600B04158 = {
			isa = PBXGroup;
			children = (
				742574421C385B3600B04158 /* Github-Test */,
				742574411C385B3600B04158 /* Products */,
			);
			sourceTree = "<group>";
		};
		742574411C385B3600B04158 /* Products */ = {
			isa = PBXGroup;
			children = (
				742574401C385B3600B04158 /* Github-Test.app */,
			);
			name = Products;
			sourceTree = "<group>";
		};
		742574421C385B3600B04158 /* Github-Test */ = {
			isa = PBXGroup;
			children = (
				742574431C385B3600B04158 /* AppDelegate.swift */,
				742574451C385B3600B04158 /* ViewController.swift */,
				742574471C385B3600B04158 /* Main.storyboard */,
				7425744A1C385B3600B04158 /* Assets.xcassets */,
				7425744C1C385B3600B04158 /* LaunchScreen.storyboard */,
				7425744F1C385B3600B04158 /* Info.plist */,
			);
			path = "Github-Test";
			sourceTree = "<group>";
		};
/* End PBXGroup section */

/* Begin PBXNativeTarget section */
		7425743F1C385B3600B04158 /* Github-Test */ = {
			isa = PBXNativeTarget;
			buildConfigurationList = 742574521C385B3600B04158 /* Build configuration list for PBXNativeTarget "Github-Test" */;
			buildPhases = (
				7425743C1C385B3600B04158 /* Sources */,
				7425743D1C385B3600B04158 /* Frameworks */,
				7425743E1C385B3600B04158 /* Resources */,
			);
			buildRules = (
			);
			dependencies = (
			);
			name = "Github-Test";
			productName = "Github-Test";
			productReference = 742574401C385B3600B04158 /* Github-Test.app */;
			productType = "com.apple.product-type.application";
		};
/* End PBXNativeTarget section */

/* Begin PBXProject section */
		742574381C385B3600B04158 /* Project object */ = {
			isa = PBXProject;
			attributes = {
				LastSwiftUpdateCheck = 0720;
				LastUpgradeCheck = 0720;
				ORGANIZATIONNAME = "Cade Wright";
				TargetAttributes = {
					7425743F1C385B3600B04158 = {
						CreatedOnToolsVersion = 7.2;
						DevelopmentTeam = 26ETPR8PJF;
					};
				};
			};
			buildConfigurationList = 7425743B1C385B3600B04158 /* Build configuration list for PBXProject "Github-Test" */;
			compatibilityVersion = "Xcode 3.2";
			developmentRegion = English;
			hasScannedForEncodings = 0;
			knownRegions = (
				en,
				Base,
			);
			mainGroup = 742574371C385B3600B04158;
			productRefGroup = 742574411C385B3600B04158 /* Products */;
			projectDirPath = "";
			projectRoot = "";
			targets = (
				7425743F1C385B3600B04158 /* Github-Test */,
			);
		};
/* End PBXProject section */

/* Begin PBXResourcesBuildPhase section */
		7425743E1C385B3600B04158 /* Resources */ = {
			isa = PBXResourcesBuildPhase;
			buildActionMask = 2147483647;
			files = (
				7425744E1C385B3600B04158 /* LaunchScreen.storyboard in Resources */,
				7425744B1C385B3600B04158 /* Assets.xcassets in Resources */,
				742574491C385B3600B04158 /* Main.storyboard in Resources */,
			);
			runOnlyForDeploymentPostprocessing = 0;
		};
/* End PBXResourcesBuildPhase section */

/* Begin PBXSourcesBuildPhase section */
		7425743C1C385B3600B04158 /* Sources */ = {
			isa = PBXSourcesBuildPhase;
			buildActionMask = 2147483647;
			files = (
				742574461C385B3600B04158 /* ViewController.swift in Sources */,
				742574441C385B3600B04158 /* AppDelegate.swift in Sources */,
			);
			runOnlyForDeploymentPostprocessing = 0;
		};
/* End PBXSourcesBuildPhase section */

/* Begin PBXVariantGroup section */
		742574471C385B3600B04158 /* Main.storyboard */ = {
			isa = PBXVariantGroup;
			children = (
				742574481C385B3600B04158 /* Base */,
			);
			name = Main.storyboard;
			sourceTree = "<group>";
		};
		7425744C1C385B3600B04158 /* LaunchScreen.storyboard */ = {
			isa = PBXVariantGroup;
			children = (
				7425744D1C385B3600B04158 /* Base */,
			);
			name = LaunchScreen.storyboard;
			sourceTree = "<group>";
		};
/* End PBXVariantGroup section */

/* Begin XCBuildConfiguration section */
		742574501C385B3600B04158 /* Debug */ = {
			isa = XCBuildConfiguration;
			buildSettings = {
				ALWAYS_SEARCH_USER_PATHS = NO;
				CLANG_CXX_LANGUAGE_STANDARD = "gnu++0x";
				CLANG_CXX_LIBRARY = "libc++";
				CLANG_ENABLE_MODULES = YES;
				CLANG_ENABLE_OBJC_ARC = YES;
				CLANG_WARN_BOOL_CONVERSION = YES;
				CLANG_WARN_CONSTANT_CONVERSION = YES;
				CLANG_WARN_DIRECT_OBJC_ISA_USAGE = YES_ERROR;
				CLANG_WARN_EMPTY_BODY = YES;
				CLANG_WARN_ENUM_CONVERSION = YES;
				CLANG_WARN_INT_CONVERSION = YES;
				CLANG_WARN_OBJC_ROOT_CLASS = YES_ERROR;
				CLANG_WARN_UNREACHABLE_CODE = YES;
				CLANG_WARN__DUPLICATE_METHOD_MATCH = YES;
				"CODE_SIGN_IDENTITY[sdk=iphoneos*]" = "iPhone Developer";
				COPY_PHASE_STRIP = NO;
				DEBUG_INFORMATION_FORMAT = dwarf;
				ENABLE_STRICT_OBJC_MSGSEND = YES;
				ENABLE_TESTABILITY = YES;
				GCC_C_LANGUAGE_STANDARD = gnu99;
				GCC_DYNAMIC_NO_PIC = NO;
				GCC_NO_COMMON_BLOCKS = YES;
				GCC_OPTIMIZATION_LEVEL = 0;
				GCC_PREPROCESSOR_DEFINITIONS = (
					"DEBUG=1",
					"$(inherited)",
				);
				GCC_WARN_64_TO_32_BIT_CONVERSION = YES;
				GCC_WARN_ABOUT_RETURN_TYPE = YES_ERROR;
				GCC_WARN_UNDECLARED_SELECTOR = YES;
				GCC_WARN_UNINITIALIZED_AUTOS = YES_AGGRESSIVE;
				GCC_WARN_UNUSED_FUNCTION = YES;
				GCC_WARN_UNUSED_VARIABLE = YES;
				IPHONEOS_DEPLOYMENT_TARGET = 9.2;
				MTL_ENABLE_DEBUG_INFO = YES;
				ONLY_ACTIVE_ARCH = YES;
				SDKROOT = iphoneos;
				SWIFT_OPTIMIZATION_LEVEL = "-Onone";
			};
			name = Debug;
		};
		742574511C385B3600B04158 /* Release */ = {
			isa = XCBuildConfiguration;
			buildSettings = {
				ALWAYS_SEARCH_USER_PATHS = NO;
				CLANG_CXX_LANGUAGE_STANDARD = "gnu++0x";
				CLANG_CXX_LIBRARY = "libc++";
				CLANG_ENABLE_MODULES = YES;
				CLANG_ENABLE_OBJC_ARC = YES;
				CLANG_WARN_BOOL_CONVERSION = YES;
				CLANG_WARN_CONSTANT_CONVERSION = YES;
				CLANG_WARN_DIRECT_OBJC_ISA_USAGE = YES_ERROR;
				CLANG_WARN_EMPTY_BODY = YES;
				CLANG_WARN_ENUM_CONVERSION = YES;
				CLANG_WARN_INT_CONVERSION = YES;
				CLANG_WARN_OBJC_ROOT_CLASS = YES_ERROR;
				CLANG_WARN_UNREACHABLE_CODE = YES;
				CLANG_WARN__DUPLICATE_METHOD_MATCH = YES;
				"CODE_SIGN_IDENTITY[sdk=iphoneos*]" = "iPhone Developer";
				COPY_PHASE_STRIP = NO;
				DEBUG_INFORMATION_FORMAT = "dwarf-with-dsym";
				ENABLE_NS_ASSERTIONS = NO;
				ENABLE_STRICT_OBJC_MSGSEND = YES;
				GCC_C_LANGUAGE_STANDARD = gnu99;
				GCC_NO_COMMON_BLOCKS = YES;
				GCC_WARN_64_TO_32_BIT_CONVERSION = YES;
				GCC_WARN_ABOUT_RETURN_TYPE = YES_ERROR;
				GCC_WARN_UNDECLARED_SELECTOR = YES;
				GCC_WARN_UNINITIALIZED_AUTOS = YES_AGGRESSIVE;
				GCC_WARN_UNUSED_FUNCTION = YES;
				GCC_WARN_UNUSED_VARIABLE = YES;
				IPHONEOS_DEPLOYMENT_TARGET = 9.2;
				MTL_ENABLE_DEBUG_INFO = NO;
				SDKROOT = iphoneos;
				VALIDATE_PRODUCT = YES;
			};
			name = Release;
		};
		742574531C385B3600B04158 /* Debug */ = {
			isa = XCBuildConfiguration;
			buildSettings = {
				ASSETCATALOG_COMPILER_APPICON_NAME = AppIcon;
				INFOPLIST_FILE = "Github-Test/Info.plist";
				LD_RUNPATH_SEARCH_PATHS = "$(inherited) @executable_path/Frameworks";
				PRODUCT_BUNDLE_IDENTIFIER = "com.sync.Github-Test";
				PRODUCT_NAME = "$(TARGET_NAME)";
			};
			name = Debug;
		};
		742574541C385B3600B04158 /* Release */ = {
			isa = XCBuildConfiguration;
			buildSettings = {
				ASSETCATALOG_COMPILER_APPICON_NAME = AppIcon;
				INFOPLIST_FILE = "Github-Test/Info.plist";
				LD_RUNPATH_SEARCH_PATHS = "$(inherited) @executable_path/Frameworks";
				PRODUCT_BUNDLE_IDENTIFIER = "com.sync.Github-Test";
				PRODUCT_NAME = "$(TARGET_NAME)";
			};
			name = Release;
		};
/* End XCBuildConfiguration section */

/* Begin XCConfigurationList section */
		7425743B1C385B3600B04158 /* Build configuration list for PBXProject "Github-Test" */ = {
			isa = XCConfigurationList;
			buildConfigurations = (
				742574501C385B3600B04158 /* Debug */,
				742574511C385B3600B04158 /* Release */,
			);
			defaultConfigurationIsVisible = 0;
			defaultConfigurationName = Release;
		};
		742574521C385B3600B04158 /* Build configuration list for PBXNativeTarget "Github-Test" */ = {
			isa = XCConfigurationList;
			buildConfigurations = (
				742574531C385B3600B04158 /* Debug */,
				742574541C385B3600B04158 /* Release */,
			);
			defaultConfigurationIsVisible = 0;
		};
/* End XCConfigurationList section */
	};
	rootObject = 742574381C385B3600B04158 /* Project object */;
}
